
Microsoft Visual Studio Solution File, Format Version 12.00
# Visual Studio 14
VisualStudioVersion = 14.0.25420.1
MinimumVisualStudioVersion = 10.0.40219.1
Project("{FAE04EC0-301F-11D3-BF4B-00C04F79EFBC}") = "WAPIGET", "WAPIGET\WAPIGET.csproj", "{DDC89502-6BEF-4ED6-90EF-4281AD776CC0}"
EndProject
Project("{FAE04EC0-301F-11D3-BF4B-00C04F79EFBC}") = "ViewModels", "ViewModels\ViewModels.csproj", "{95E3C972-F8AD-49AF-B49A-D379A4BD78C9}"
EndProject
Global
	GlobalSection(SolutionConfigurationPlatforms) = preSolution
		Debug|Any CPU = Debug|Any CPU
		Release|Any CPU = Release|Any CPU
	EndGlobalSection
	GlobalSection(ProjectConfigurationPlatforms) = postSolution
		{DDC89502-6BEF-4ED6-90EF-4281AD776CC0}.Debug|Any CPU.ActiveCfg = Debug|Any CPU
		{DDC89502-6BEF-4ED6-90EF-4281AD776CC0}.Debug|Any CPU.Build.0 = Debug|Any CPU
		{DDC89502-6BEF-4ED6-90EF-4281AD776CC0}.Release|Any CPU.ActiveCfg = Release|Any CPU
		{DDC89502-6BEF-4ED6-90EF-4281AD776CC0}.Release|Any CPU.Build.0 = Release|Any CPU
		{95E3C972-F8AD-49AF-B49A-D379A4BD78C9}.Debug|Any CPU.ActiveCfg = Debug|Any CPU
		{95E3C972-F8AD-49AF-B49A-D379A4BD78C9}.Debug|Any CPU.Build.0 = Debug|Any CPU
		{95E3C972-F8AD-49AF-B49A-D379A4BD78C9}.Release|Any CPU.ActiveCfg = Release|Any CPU
		{95E3C972-F8AD-49AF-B49A-D379A4BD78C9}.Release|Any CPU.Build.0 = Release|Any CPU
	EndGlobalSection
	GlobalSection(SolutionProperties) = preSolution
		HideSolutionNode = FALSE
	EndGlobalSection
	GlobalSection(ExtensibilityGlobals) = postSolution
		SolutionGuid = {CFE55D19-95FD-4893-89A1-A4E5B31D8DEA}
	EndGlobalSection
EndGlobal
